// !$*UTF8*$!
{
	archiveVersion = 1;
	classes = {
	};
	objectVersion = 46;
	objects = {

/* Begin PBXBuildFile section */
		516B798A187DC4BB00D49A63 /* Foundation.framework in Frameworks */ = {isa = PBXBuildFile; fileRef = 516B7989187DC4BB00D49A63 /* Foundation.framework */; };
		516B798C187DC4BB00D49A63 /* CoreGraphics.framework in Frameworks */ = {isa = PBXBuildFile; fileRef = 516B798B187DC4BB00D49A63 /* CoreGraphics.framework */; };
		516B798E187DC4BB00D49A63 /* UIKit.framework in Frameworks */ = {isa = PBXBuildFile; fileRef = 516B798D187DC4BB00D49A63 /* UIKit.framework */; };
		516B7994187DC4BB00D49A63 /* InfoPlist.strings in Resources */ = {isa = PBXBuildFile; fileRef = 516B7992187DC4BB00D49A63 /* InfoPlist.strings */; };
		516B7996187DC4BB00D49A63 /* main.m in Sources */ = {isa = PBXBuildFile; fileRef = 516B7995187DC4BB00D49A63 /* main.m */; };
		516B799A187DC4BB00D49A63 /* AppDelegate.m in Sources */ = {isa = PBXBuildFile; fileRef = 516B7999187DC4BB00D49A63 /* AppDelegate.m */; };
		516B799D187DC4BB00D49A63 /* Main.storyboard in Resources */ = {isa = PBXBuildFile; fileRef = 516B799B187DC4BB00D49A63 /* Main.storyboard */; };
		516B79A0187DC4BB00D49A63 /* ViewController.m in Sources */ = {isa = PBXBuildFile; fileRef = 516B799F187DC4BB00D49A63 /* ViewController.m */; };
		516B79A2187DC4BB00D49A63 /* Images.xcassets in Resources */ = {isa = PBXBuildFile; fileRef = 516B79A1187DC4BB00D49A63 /* Images.xcassets */; };
		516B79A9187DC4BB00D49A63 /* XCTest.framework in Frameworks */ = {isa = PBXBuildFile; fileRef = 516B79A8187DC4BB00D49A63 /* XCTest.framework */; };
		516B79AA187DC4BB00D49A63 /* Foundation.framework in Frameworks */ = {isa = PBXBuildFile; fileRef = 516B7989187DC4BB00D49A63 /* Foundation.framework */; };
		516B79AB187DC4BB00D49A63 /* UIKit.framework in Frameworks */ = {isa = PBXBuildFile; fileRef = 516B798D187DC4BB00D49A63 /* UIKit.framework */; };
		516B79B3187DC4BB00D49A63 /* InfoPlist.strings in Resources */ = {isa = PBXBuildFile; fileRef = 516B79B1187DC4BB00D49A63 /* InfoPlist.strings */; };
		516B79B5187DC4BB00D49A63 /* TouchDrawEx01Tests.m in Sources */ = {isa = PBXBuildFile; fileRef = 516B79B4187DC4BB00D49A63 /* TouchDrawEx01Tests.m */; };
/* End PBXBuildFile section */

/* Begin PBXContainerItemProxy section */
		516B79AC187DC4BB00D49A63 /* PBXContainerItemProxy */ = {
			isa = PBXContainerItemProxy;
			containerPortal = 516B797E187DC4BB00D49A63 /* Project object */;
			proxyType = 1;
			remoteGlobalIDString = 516B7985187DC4BB00D49A63;
			remoteInfo = TouchDrawEx01;
		};
/* End PBXContainerItemProxy section */

/* Begin PBXFileReference section */
		516B7986187DC4BB00D49A63 /* TouchDrawEx01.app */ = {isa = PBXFileReference; explicitFileType = wrapper.application; includeInIndex = 0; path = TouchDrawEx01.app; sourceTree = BUILT_PRODUCTS_DIR; };
		516B7989187DC4BB00D49A63 /* Foundation.framework */ = {isa = PBXFileReference; lastKnownFileType = wrapper.framework; name = Foundation.framework; path = System/Library/Frameworks/Foundation.framework; sourceTree = SDKROOT; };
		516B798B187DC4BB00D49A63 /* CoreGraphics.framework */ = {isa = PBXFileReference; lastKnownFileType = wrapper.framework; name = CoreGraphics.framework; path = System/Library/Frameworks/CoreGraphics.framework; sourceTree = SDKROOT; };
		516B798D187DC4BB00D49A63 /* UIKit.framework */ = {isa = PBXFileReference; lastKnownFileType = wrapper.framework; name = UIKit.framework; path = System/Library/Frameworks/UIKit.framework; sourceTree = SDKROOT; };
		516B7991187DC4BB00D49A63 /* TouchDrawEx01-Info.plist */ = {isa = PBXFileReference; lastKnownFileType = text.plist.xml; path = "TouchDrawEx01-Info.plist"; sourceTree = "<group>"; };
		516B7993187DC4BB00D49A63 /* en */ = {isa = PBXFileReference; lastKnownFileType = text.plist.strings; name = en; path = en.lproj/InfoPlist.strings; sourceTree = "<group>"; };
		516B7995187DC4BB00D49A63 /* main.m */ = {isa = PBXFileReference; lastKnownFileType = sourcecode.c.objc; path = main.m; sourceTree = "<group>"; };
		516B7997187DC4BB00D49A63 /* TouchDrawEx01-Prefix.pch */ = {isa = PBXFileReference; lastKnownFileType = sourcecode.c.h; path = "TouchDrawEx01-Prefix.pch"; sourceTree = "<group>"; };
		516B7998187DC4BB00D49A63 /* AppDelegate.h */ = {isa = PBXFileReference; lastKnownFileType = sourcecode.c.h; path = AppDelegate.h; sourceTree = "<group>"; };
		516B7999187DC4BB00D49A63 /* AppDelegate.m */ = {isa = PBXFileReference; lastKnownFileType = sourcecode.c.objc; path = AppDelegate.m; sourceTree = "<group>"; };
		516B799C187DC4BB00D49A63 /* Base */ = {isa = PBXFileReference; lastKnownFileType = file.storyboard; name = Base; path = Base.lproj/Main.storyboard; sourceTree = "<group>"; };
		516B799E187DC4BB00D49A63 /* ViewController.h */ = {isa = PBXFileReference; lastKnownFileType = sourcecode.c.h; path = ViewController.h; sourceTree = "<group>"; };
		516B799F187DC4BB00D49A63 /* ViewController.m */ = {isa = PBXFileReference; lastKnownFileType = sourcecode.c.objc; path = ViewController.m; sourceTree = "<group>"; };
		516B79A1187DC4BB00D49A63 /* Images.xcassets */ = {isa = PBXFileReference; lastKnownFileType = folder.assetcatalog; path = Images.xcassets; sourceTree = "<group>"; };
		516B79A7187DC4BB00D49A63 /* TouchDrawEx01Tests.xctest */ = {isa = PBXFileReference; explicitFileType = wrapper.cfbundle; includeInIndex = 0; path = TouchDrawEx01Tests.xctest; sourceTree = BUILT_PRODUCTS_DIR; };
		516B79A8187DC4BB00D49A63 /* XCTest.framework */ = {isa = PBXFileReference; lastKnownFileType = wrapper.framework; name = XCTest.framework; path = Library/Frameworks/XCTest.framework; sourceTree = DEVELOPER_DIR; };
		516B79B0187DC4BB00D49A63 /* TouchDrawEx01Tests-Info.plist */ = {isa = PBXFileReference; lastKnownFileType = text.plist.xml; path = "TouchDrawEx01Tests-Info.plist"; sourceTree = "<group>"; };
		516B79B2187DC4BB00D49A63 /* en */ = {isa = PBXFileReference; lastKnownFileType = text.plist.strings; name = en; path = en.lproj/InfoPlist.strings; sourceTree = "<group>"; };
		516B79B4187DC4BB00D49A63 /* TouchDrawEx01Tests.m */ = {isa = PBXFileReference; lastKnownFileType = sourcecode.c.objc; path = TouchDrawEx01Tests.m; sourceTree = "<group>"; };
/* End PBXFileReference section */

/* Begin PBXFrameworksBuildPhase section */
		516B7983187DC4BB00D49A63 /* Frameworks */ = {
			isa = PBXFrameworksBuildPhase;
			buildActionMask = 2147483647;
			files = (
				516B798C187DC4BB00D49A63 /* CoreGraphics.framework in Frameworks */,
				516B798E187DC4BB00D49A63 /* UIKit.framework in Frameworks */,
				516B798A187DC4BB00D49A63 /* Foundation.framework in Frameworks */,
			);
			runOnlyForDeploymentPostprocessing = 0;
		};
		516B79A4187DC4BB00D49A63 /* Frameworks */ = {
			isa = PBXFrameworksBuildPhase;
			buildActionMask = 2147483647;
			files = (
				516B79A9187DC4BB00D49A63 /* XCTest.framework in Frameworks */,
				516B79AB187DC4BB00D49A63 /* UIKit.framework in Frameworks */,
				516B79AA187DC4BB00D49A63 /* Foundation.framework in Frameworks */,
			);
			runOnlyForDeploymentPostprocessing = 0;
		};
/* End PBXFrameworksBuildPhase section */

/* Begin PBXGroup section */
		516B797D187DC4BB00D49A63 = {
			isa = PBXGroup;
			children = (
				516B798F187DC4BB00D49A63 /* TouchDrawEx01 */,
				516B79AE187DC4BB00D49A63 /* TouchDrawEx01Tests */,
				516B7988187DC4BB00D49A63 /* Frameworks */,
				516B7987187DC4BB00D49A63 /* Products */,
			);
			sourceTree = "<group>";
		};
		516B7987187DC4BB00D49A63 /* Products */ = {
			isa = PBXGroup;
			children = (
				516B7986187DC4BB00D49A63 /* TouchDrawEx01.app */,
				516B79A7187DC4BB00D49A63 /* TouchDrawEx01Tests.xctest */,
			);
			name = Products;
			sourceTree = "<group>";
		};
		516B7988187DC4BB00D49A63 /* Frameworks */ = {
			isa = PBXGroup;
			children = (
				516B7989187DC4BB00D49A63 /* Foundation.framework */,
				516B798B187DC4BB00D49A63 /* CoreGraphics.framework */,
				516B798D187DC4BB00D49A63 /* UIKit.framework */,
				516B79A8187DC4BB00D49A63 /* XCTest.framework */,
			);
			name = Frameworks;
			sourceTree = "<group>";
		};
		516B798F187DC4BB00D49A63 /* TouchDrawEx01 */ = {
			isa = PBXGroup;
			children = (
				516B7998187DC4BB00D49A63 /* AppDelegate.h */,
				516B7999187DC4BB00D49A63 /* AppDelegate.m */,
				516B799B187DC4BB00D49A63 /* Main.storyboard */,
				516B799E187DC4BB00D49A63 /* ViewController.h */,
				516B799F187DC4BB00D49A63 /* ViewController.m */,
				516B79A1187DC4BB00D49A63 /* Images.xcassets */,
				516B7990187DC4BB00D49A63 /* Supporting Files */,
			);
			path = TouchDrawEx01;
			sourceTree = "<group>";
		};
		516B7990187DC4BB00D49A63 /* Supporting Files */ = {
			isa = PBXGroup;
			children = (
				516B7991187DC4BB00D49A63 /* TouchDrawEx01-Info.plist */,
				516B7992187DC4BB00D49A63 /* InfoPlist.strings */,
				516B7995187DC4BB00D49A63 /* main.m */,
				516B7997187DC4BB00D49A63 /* TouchDrawEx01-Prefix.pch */,
			);
			name = "Supporting Files";
			sourceTree = "<group>";
		};
		516B79AE187DC4BB00D49A63 /* TouchDrawEx01Tests */ = {
			isa = PBXGroup;
			children = (
				516B79B4187DC4BB00D49A63 /* TouchDrawEx01Tests.m */,
				516B79AF187DC4BB00D49A63 /* Supporting Files */,
			);
			path = TouchDrawEx01Tests;
			sourceTree = "<group>";
		};
		516B79AF187DC4BB00D49A63 /* Supporting Files */ = {
			isa = PBXGroup;
			children = (
				516B79B0187DC4BB00D49A63 /* TouchDrawEx01Tests-Info.plist */,
				516B79B1187DC4BB00D49A63 /* InfoPlist.strings */,
			);
			name = "Supporting Files";
			sourceTree = "<group>";
		};
/* End PBXGroup section */

/* Begin PBXNativeTarget section */
		516B7985187DC4BB00D49A63 /* TouchDrawEx01 */ = {
			isa = PBXNativeTarget;
			buildConfigurationList = 516B79B8187DC4BB00D49A63 /* Build configuration list for PBXNativeTarget "TouchDrawEx01" */;
			buildPhases = (
				516B7982187DC4BB00D49A63 /* Sources */,
				516B7983187DC4BB00D49A63 /* Frameworks */,
				516B7984187DC4BB00D49A63 /* Resources */,
			);
			buildRules = (
			);
			dependencies = (
			);
			name = TouchDrawEx01;
			productName = TouchDrawEx01;
			productReference = 516B7986187DC4BB00D49A63 /* TouchDrawEx01.app */;
			productType = "com.apple.product-type.application";
		};
		516B79A6187DC4BB00D49A63 /* TouchDrawEx01Tests */ = {
			isa = PBXNativeTarget;
			buildConfigurationList = 516B79BB187DC4BB00D49A63 /* Build configuration list for PBXNativeTarget "TouchDrawEx01Tests" */;
			buildPhases = (
				516B79A3187DC4BB00D49A63 /* Sources */,
				516B79A4187DC4BB00D49A63 /* Frameworks */,
				516B79A5187DC4BB00D49A63 /* Resources */,
			);
			buildRules = (
			);
			dependencies = (
				516B79AD187DC4BB00D49A63 /* PBXTargetDependency */,
			);
			name = TouchDrawEx01Tests;
			productName = TouchDrawEx01Tests;
			productReference = 516B79A7187DC4BB00D49A63 /* TouchDrawEx01Tests.xctest */;
			productType = "com.apple.product-type.bundle.unit-test";
		};
/* End PBXNativeTarget section */

/* Begin PBXProject section */
		516B797E187DC4BB00D49A63 /* Project object */ = {
			isa = PBXProject;
			attributes = {
				LastUpgradeCheck = 0500;
				ORGANIZATIONNAME = yg;
				TargetAttributes = {
					516B79A6187DC4BB00D49A63 = {
						TestTargetID = 516B7985187DC4BB00D49A63;
					};
				};
			};
			buildConfigurationList = 516B7981187DC4BB00D49A63 /* Build configuration list for PBXProject "TouchDrawEx01" */;
			compatibilityVersion = "Xcode 3.2";
			developmentRegion = English;
			hasScannedForEncodings = 0;
			knownRegions = (
				en,
				Base,
			);
			mainGroup = 516B797D187DC4BB00D49A63;
			productRefGroup = 516B7987187DC4BB00D49A63 /* Products */;
			projectDirPath = "";
			projectRoot = "";
			targets = (
				516B7985187DC4BB00D49A63 /* TouchDrawEx01 */,
				516B79A6187DC4BB00D49A63 /* TouchDrawEx01Tests */,
			);
		};
/* End PBXProject section */

/* Begin PBXResourcesBuildPhase section */
		516B7984187DC4BB00D49A63 /* Resources */ = {
			isa = PBXResourcesBuildPhase;
			buildActionMask = 2147483647;
			files = (
				516B79A2187DC4BB00D49A63 /* Images.xcassets in Resources */,
				516B7994187DC4BB00D49A63 /* InfoPlist.strings in Resources */,
				516B799D187DC4BB00D49A63 /* Main.storyboard in Resources */,
			);
			runOnlyForDeploymentPostprocessing = 0;
		};
		516B79A5187DC4BB00D49A63 /* Resources */ = {
			isa = PBXResourcesBuildPhase;
			buildActionMask = 2147483647;
			files = (
				516B79B3187DC4BB00D49A63 /* InfoPlist.strings in Resources */,
			);
			runOnlyForDeploymentPostprocessing = 0;
		};
/* End PBXResourcesBuildPhase section */

/* Begin PBXSourcesBuildPhase section */
		516B7982187DC4BB00D49A63 /* Sources */ = {
			isa = PBXSourcesBuildPhase;
			buildActionMask = 2147483647;
			files = (
				516B79A0187DC4BB00D49A63 /* ViewController.m in Sources */,
				516B799A187DC4BB00D49A63 /* AppDelegate.m in Sources */,
				516B7996187DC4BB00D49A63 /* main.m in Sources */,
			);
			runOnlyForDeploymentPostprocessing = 0;
		};
		516B79A3187DC4BB00D49A63 /* Sources */ = {
			isa = PBXSourcesBuildPhase;
			buildActionMask = 2147483647;
			files = (
				516B79B5187DC4BB00D49A63 /* TouchDrawEx01Tests.m in Sources */,
			);
			runOnlyForDeploymentPostprocessing = 0;
		};
/* End PBXSourcesBuildPhase section */

/* Begin PBXTargetDependency section */
		516B79AD187DC4BB00D49A63 /* PBXTargetDependency */ = {
			isa = PBXTargetDependency;
			target = 516B7985187DC4BB00D49A63 /* TouchDrawEx01 */;
			targetProxy = 516B79AC187DC4BB00D49A63 /* PBXContainerItemProxy */;
		};
/* End PBXTargetDependency section */

/* Begin PBXVariantGroup section */
		516B7992187DC4BB00D49A63 /* InfoPlist.strings */ = {
			isa = PBXVariantGroup;
			children = (
				516B7993187DC4BB00D49A63 /* en */,
			);
			name = InfoPlist.strings;
			sourceTree = "<group>";
		};
		516B799B187DC4BB00D49A63 /* Main.storyboard */ = {
			isa = PBXVariantGroup;
			children = (
				516B799C187DC4BB00D49A63 /* Base */,
			);
			name = Main.storyboard;
			sourceTree = "<group>";
		};
		516B79B1187DC4BB00D49A63 /* InfoPlist.strings */ = {
			isa = PBXVariantGroup;
			children = (
				516B79B2187DC4BB00D49A63 /* en */,
			);
			name = InfoPlist.strings;
			sourceTree = "<group>";
		};
/* End PBXVariantGroup section */

/* Begin XCBuildConfiguration section */
		516B79B6187DC4BB00D49A63 /* Debug */ = {
			isa = XCBuildConfiguration;
			buildSettings = {
				ALWAYS_SEARCH_USER_PATHS = NO;
				ARCHS = "$(ARCHS_STANDARD_INCLUDING_64_BIT)";
				CLANG_CXX_LANGUAGE_STANDARD = "gnu++0x";
				CLANG_CXX_LIBRARY = "libc++";
				CLANG_ENABLE_MODULES = YES;
				CLANG_ENABLE_OBJC_ARC = YES;
				CLANG_WARN_BOOL_CONVERSION = YES;
				CLANG_WARN_CONSTANT_CONVERSION = YES;
				CLANG_WARN_DIRECT_OBJC_ISA_USAGE = YES_ERROR;
				CLANG_WARN_EMPTY_BODY = YES;
				CLANG_WARN_ENUM_CONVERSION = YES;
				CLANG_WARN_INT_CONVERSION = YES;
				CLANG_WARN_OBJC_ROOT_CLASS = YES_ERROR;
				CLANG_WARN__DUPLICATE_METHOD_MATCH = YES;
				"CODE_SIGN_IDENTITY[sdk=iphoneos*]" = "iPhone Developer";
				COPY_PHASE_STRIP = NO;
				GCC_C_LANGUAGE_STANDARD = gnu99;
				GCC_DYNAMIC_NO_PIC = NO;
				GCC_OPTIMIZATION_LEVEL = 0;
				GCC_PREPROCESSOR_DEFINITIONS = (
					"DEBUG=1",
					"$(inherited)",
				);
				GCC_SYMBOLS_PRIVATE_EXTERN = NO;
				GCC_WARN_64_TO_32_BIT_CONVERSION = YES;
				GCC_WARN_ABOUT_RETURN_TYPE = YES_ERROR;
				GCC_WARN_UNDECLARED_SELECTOR = YES;
				GCC_WARN_UNINITIALIZED_AUTOS = YES;
				GCC_WARN_UNUSED_FUNCTION = YES;
				GCC_WARN_UNUSED_VARIABLE = YES;
				IPHONEOS_DEPLOYMENT_TARGET = 7.0;
				ONLY_ACTIVE_ARCH = YES;
				SDKROOT = iphoneos;
			};
			name = Debug;
		};
		516B79B7187DC4BB00D49A63 /* Release */ = {
			isa = XCBuildConfiguration;
			buildSettings = {
				ALWAYS_SEARCH_USER_PATHS = NO;
				ARCHS = "$(ARCHS_STANDARD_INCLUDING_64_BIT)";
				CLANG_CXX_LANGUAGE_STANDARD = "gnu++0x";
				CLANG_CXX_LIBRARY = "libc++";
				CLANG_ENABLE_MODULES = YES;
				CLANG_ENABLE_OBJC_ARC = YES;
				CLANG_WARN_BOOL_CONVERSION = YES;
				CLANG_WARN_CONSTANT_CONVERSION = YES;
				CLANG_WARN_DIRECT_OBJC_ISA_USAGE = YES_ERROR;
				CLANG_WARN_EMPTY_BODY = YES;
				CLANG_WARN_ENUM_CONVERSION = YES;
				CLANG_WARN_INT_CONVERSION = YES;
				CLANG_WARN_OBJC_ROOT_CLASS = YES_ERROR;
				CLANG_WARN__DUPLICATE_METHOD_MATCH = YES;
				"CODE_SIGN_IDENTITY[sdk=iphoneos*]" = "iPhone Developer";
				COPY_PHASE_STRIP = YES;
				ENABLE_NS_ASSERTIONS = NO;
				GCC_C_LANGUAGE_STANDARD = gnu99;
				GCC_WARN_64_TO_32_BIT_CONVERSION = YES;
				GCC_WARN_ABOUT_RETURN_TYPE = YES_ERROR;
				GCC_WARN_UNDECLARED_SELECTOR = YES;
				GCC_WARN_UNINITIALIZED_AUTOS = YES;
				GCC_WARN_UNUSED_FUNCTION = YES;
				GCC_WARN_UNUSED_VARIABLE = YES;
				IPHONEOS_DEPLOYMENT_TARGET = 7.0;
				SDKROOT = iphoneos;
				VALIDATE_PRODUCT = YES;
			};
			name = Release;
		};
		516B79B9187DC4BB00D49A63 /* Debug */ = {
			isa = XCBuildConfiguration;
			buildSettings = {
				ASSETCATALOG_COMPILER_APPICON_NAME = AppIcon;
				ASSETCATALOG_COMPILER_LAUNCHIMAGE_NAME = LaunchImage;
				GCC_PRECOMPILE_PREFIX_HEADER = YES;
				GCC_PREFIX_HEADER = "TouchDrawEx01/TouchDrawEx01-Prefix.pch";
				INFOPLIST_FILE = "TouchDrawEx01/TouchDrawEx01-Info.plist";
				PRODUCT_NAME = "$(TARGET_NAME)";
				WRAPPER_EXTENSION = app;
			};
			name = Debug;
		};
		516B79BA187DC4BB00D49A63 /* Release */ = {
			isa = XCBuildConfiguration;
			buildSettings = {
				ASSETCATALOG_COMPILER_APPICON_NAME = AppIcon;
				ASSETCATALOG_COMPILER_LAUNCHIMAGE_NAME = LaunchImage;
				GCC_PRECOMPILE_PREFIX_HEADER = YES;
				GCC_PREFIX_HEADER = "TouchDrawEx01/TouchDrawEx01-Prefix.pch";
				INFOPLIST_FILE = "TouchDrawEx01/TouchDrawEx01-Info.plist";
				PRODUCT_NAME = "$(TARGET_NAME)";
				WRAPPER_EXTENSION = app;
			};
			name = Release;
		};
		516B79BC187DC4BB00D49A63 /* Debug */ = {
			isa = XCBuildConfiguration;
			buildSettings = {
				ARCHS = "$(ARCHS_STANDARD_INCLUDING_64_BIT)";
				BUNDLE_LOADER = "$(BUILT_PRODUCTS_DIR)/TouchDrawEx01.app/TouchDrawEx01";
				FRAMEWORK_SEARCH_PATHS = (
					"$(SDKROOT)/Developer/Library/Frameworks",
					"$(inherited)",
					"$(DEVELOPER_FRAMEWORKS_DIR)",
				);
				GCC_PRECOMPILE_PREFIX_HEADER = YES;
				GCC_PREFIX_HEADER = "TouchDrawEx01/TouchDrawEx01-Prefix.pch";
				GCC_PREPROCESSOR_DEFINITIONS = (
					"DEBUG=1",
					"$(inherited)",
				);
				INFOPLIST_FILE = "TouchDrawEx01Tests/TouchDrawEx01Tests-Info.plist";
				PRODUCT_NAME = "$(TARGET_NAME)";
				TEST_HOST = "$(BUNDLE_LOADER)";
				WRAPPER_EXTENSION = xctest;
			};
			name = Debug;
		};
		516B79BD187DC4BB00D49A63 /* Release */ = {
			isa = XCBuildConfiguration;
			buildSettings = {
				ARCHS = "$(ARCHS_STANDARD_INCLUDING_64_BIT)";
				BUNDLE_LOADER = "$(BUILT_PRODUCTS_DIR)/TouchDrawEx01.app/TouchDrawEx01";
				FRAMEWORK_SEARCH_PATHS = (
					"$(SDKROOT)/Developer/Library/Frameworks",
					"$(inherited)",
					"$(DEVELOPER_FRAMEWORKS_DIR)",
				);
				GCC_PRECOMPILE_PREFIX_HEADER = YES;
				GCC_PREFIX_HEADER = "TouchDrawEx01/TouchDrawEx01-Prefix.pch";
				INFOPLIST_FILE = "TouchDrawEx01Tests/TouchDrawEx01Tests-Info.plist";
				PRODUCT_NAME = "$(TARGET_NAME)";
				TEST_HOST = "$(BUNDLE_LOADER)";
				WRAPPER_EXTENSION = xctest;
			};
			name = Release;
		};
/* End XCBuildConfiguration section */

/* Begin XCConfigurationList section */
		516B7981187DC4BB00D49A63 /* Build configuration list for PBXProject "TouchDrawEx01" */ = {
			isa = XCConfigurationList;
			buildConfigurations = (
				516B79B6187DC4BB00D49A63 /* Debug */,
				516B79B7187DC4BB00D49A63 /* Release */,
			);
			defaultConfigurationIsVisible = 0;
			defaultConfigurationName = Release;
		};
		516B79B8187DC4BB00D49A63 /* Build configuration list for PBXNativeTarget "TouchDrawEx01" */ = {
			isa = XCConfigurationList;
			buildConfigurations = (
				516B79B9187DC4BB00D49A63 /* Debug */,
				516B79BA187DC4BB00D49A63 /* Release */,
			);
			defaultConfigurationIsVisible = 0;
		};
		516B79BB187DC4BB00D49A63 /* Build configuration list for PBXNativeTarget "TouchDrawEx01Tests" */ = {
			isa = XCConfigurationList;
			buildConfigurations = (
				516B79BC187DC4BB00D49A63 /* Debug */,
				516B79BD187DC4BB00D49A63 /* Release */,
			);
			defaultConfigurationIsVisible = 0;
		};
/* End XCConfigurationList section */
	};
	rootObject = 516B797E187DC4BB00D49A63 /* Project object */;
}
